// !$*UTF8*$!
{
	archiveVersion = 1;
	classes = {
	};
	objectVersion = 46;
	objects = {

/* Begin PBXBuildFile section */
		4D63882C1C667A2700169131 /* AppDelegate.swift in Sources */ = {isa = PBXBuildFile; fileRef = 4D63882B1C667A2700169131 /* AppDelegate.swift */; };
		4D63882E1C667A2700169131 /* ViewController.swift in Sources */ = {isa = PBXBuildFile; fileRef = 4D63882D1C667A2700169131 /* ViewController.swift */; };
		4D6388311C667A2700169131 /* Main.storyboard in Resources */ = {isa = PBXBuildFile; fileRef = 4D63882F1C667A2700169131 /* Main.storyboard */; };
		4D6388331C667A2700169131 /* Assets.xcassets in Resources */ = {isa = PBXBuildFile; fileRef = 4D6388321C667A2700169131 /* Assets.xcassets */; };
		4D6388361C667A2700169131 /* LaunchScreen.storyboard in Resources */ = {isa = PBXBuildFile; fileRef = 4D6388341C667A2700169131 /* LaunchScreen.storyboard */; };
		4D6388411C667A2700169131 /* HackAtBrownTests.swift in Sources */ = {isa = PBXBuildFile; fileRef = 4D6388401C667A2700169131 /* HackAtBrownTests.swift */; };
		4D63884C1C667A2700169131 /* HackAtBrownUITests.swift in Sources */ = {isa = PBXBuildFile; fileRef = 4D63884B1C667A2700169131 /* HackAtBrownUITests.swift */; };
		BAD995B61C667CF20081ACFC /* README.md in Sources */ = {isa = PBXBuildFile; fileRef = BAD995B51C667CF20081ACFC /* README.md */; };
		BAD995B81C66816C0081ACFC /* 7ef3540c-5366-4b47-8265-c279cfc60d12.jpg in Resources */ = {isa = PBXBuildFile; fileRef = BAD995B71C66816C0081ACFC /* 7ef3540c-5366-4b47-8265-c279cfc60d12.jpg */; };
/* End PBXBuildFile section */

/* Begin PBXContainerItemProxy section */
		4D63883D1C667A2700169131 /* PBXContainerItemProxy */ = {
			isa = PBXContainerItemProxy;
			containerPortal = 4D6388201C667A2600169131 /* Project object */;
			proxyType = 1;
			remoteGlobalIDString = 4D6388271C667A2700169131;
			remoteInfo = HackAtBrown;
		};
		4D6388481C667A2700169131 /* PBXContainerItemProxy */ = {
			isa = PBXContainerItemProxy;
			containerPortal = 4D6388201C667A2600169131 /* Project object */;
			proxyType = 1;
			remoteGlobalIDString = 4D6388271C667A2700169131;
			remoteInfo = HackAtBrown;
		};
/* End PBXContainerItemProxy section */

/* Begin PBXFileReference section */
		4D6388281C667A2700169131 /* HackAtBrown.app */ = {isa = PBXFileReference; explicitFileType = wrapper.application; includeInIndex = 0; path = HackAtBrown.app; sourceTree = BUILT_PRODUCTS_DIR; };
		4D63882B1C667A2700169131 /* AppDelegate.swift */ = {isa = PBXFileReference; lastKnownFileType = sourcecode.swift; path = AppDelegate.swift; sourceTree = "<group>"; };
		4D63882D1C667A2700169131 /* ViewController.swift */ = {isa = PBXFileReference; lastKnownFileType = sourcecode.swift; path = ViewController.swift; sourceTree = "<group>"; };
		4D6388301C667A2700169131 /* Base */ = {isa = PBXFileReference; lastKnownFileType = file.storyboard; name = Base; path = Base.lproj/Main.storyboard; sourceTree = "<group>"; };
		4D6388321C667A2700169131 /* Assets.xcassets */ = {isa = PBXFileReference; lastKnownFileType = folder.assetcatalog; path = Assets.xcassets; sourceTree = "<group>"; };
		4D6388351C667A2700169131 /* Base */ = {isa = PBXFileReference; lastKnownFileType = file.storyboard; name = Base; path = Base.lproj/LaunchScreen.storyboard; sourceTree = "<group>"; };
		4D6388371C667A2700169131 /* Info.plist */ = {isa = PBXFileReference; lastKnownFileType = text.plist.xml; path = Info.plist; sourceTree = "<group>"; };
		4D63883C1C667A2700169131 /* HackAtBrownTests.xctest */ = {isa = PBXFileReference; explicitFileType = wrapper.cfbundle; includeInIndex = 0; path = HackAtBrownTests.xctest; sourceTree = BUILT_PRODUCTS_DIR; };
		4D6388401C667A2700169131 /* HackAtBrownTests.swift */ = {isa = PBXFileReference; lastKnownFileType = sourcecode.swift; path = HackAtBrownTests.swift; sourceTree = "<group>"; };
		4D6388421C667A2700169131 /* Info.plist */ = {isa = PBXFileReference; lastKnownFileType = text.plist.xml; path = Info.plist; sourceTree = "<group>"; };
		4D6388471C667A2700169131 /* HackAtBrownUITests.xctest */ = {isa = PBXFileReference; explicitFileType = wrapper.cfbundle; includeInIndex = 0; path = HackAtBrownUITests.xctest; sourceTree = BUILT_PRODUCTS_DIR; };
		4D63884B1C667A2700169131 /* HackAtBrownUITests.swift */ = {isa = PBXFileReference; lastKnownFileType = sourcecode.swift; path = HackAtBrownUITests.swift; sourceTree = "<group>"; };
		4D63884D1C667A2700169131 /* Info.plist */ = {isa = PBXFileReference; lastKnownFileType = text.plist.xml; path = Info.plist; sourceTree = "<group>"; };
		BAD995B51C667CF20081ACFC /* README.md */ = {isa = PBXFileReference; fileEncoding = 4; lastKnownFileType = net.daringfireball.markdown; path = README.md; sourceTree = "<group>"; };
		BAD995B71C66816C0081ACFC /* 7ef3540c-5366-4b47-8265-c279cfc60d12.jpg */ = {isa = PBXFileReference; lastKnownFileType = image.jpeg; name = "7ef3540c-5366-4b47-8265-c279cfc60d12.jpg"; path = "../../../Desktop/7ef3540c-5366-4b47-8265-c279cfc60d12.jpg"; sourceTree = "<group>"; };
/* End PBXFileReference section */

/* Begin PBXFrameworksBuildPhase section */
		4D6388251C667A2700169131 /* Frameworks */ = {
			isa = PBXFrameworksBuildPhase;
			buildActionMask = 2147483647;
			files = (
			);
			runOnlyForDeploymentPostprocessing = 0;
		};
		4D6388391C667A2700169131 /* Frameworks */ = {
			isa = PBXFrameworksBuildPhase;
			buildActionMask = 2147483647;
			files = (
			);
			runOnlyForDeploymentPostprocessing = 0;
		};
		4D6388441C667A2700169131 /* Frameworks */ = {
			isa = PBXFrameworksBuildPhase;
			buildActionMask = 2147483647;
			files = (
			);
			runOnlyForDeploymentPostprocessing = 0;
		};
/* End PBXFrameworksBuildPhase section */

/* Begin PBXGroup section */
		4D63881F1C667A2600169131 = {
			isa = PBXGroup;
			children = (
				4D63882A1C667A2700169131 /* HackAtBrown */,
				4D63883F1C667A2700169131 /* HackAtBrownTests */,
				4D63884A1C667A2700169131 /* HackAtBrownUITests */,
				4D6388291C667A2700169131 /* Products */,
				BAD995B51C667CF20081ACFC /* README.md */,
			);
			sourceTree = "<group>";
		};
		4D6388291C667A2700169131 /* Products */ = {
			isa = PBXGroup;
			children = (
				4D6388281C667A2700169131 /* HackAtBrown.app */,
				4D63883C1C667A2700169131 /* HackAtBrownTests.xctest */,
				4D6388471C667A2700169131 /* HackAtBrownUITests.xctest */,
			);
			name = Products;
			sourceTree = "<group>";
		};
		4D63882A1C667A2700169131 /* HackAtBrown */ = {
			isa = PBXGroup;
			children = (
				4D63882B1C667A2700169131 /* AppDelegate.swift */,
				4D63882D1C667A2700169131 /* ViewController.swift */,
				4D63882F1C667A2700169131 /* Main.storyboard */,
				BAD995B71C66816C0081ACFC /* 7ef3540c-5366-4b47-8265-c279cfc60d12.jpg */,
				4D6388321C667A2700169131 /* Assets.xcassets */,
				4D6388341C667A2700169131 /* LaunchScreen.storyboard */,
				4D6388371C667A2700169131 /* Info.plist */,
			);
			path = HackAtBrown;
			sourceTree = "<group>";
		};
		4D63883F1C667A2700169131 /* HackAtBrownTests */ = {
			isa = PBXGroup;
			children = (
				4D6388401C667A2700169131 /* HackAtBrownTests.swift */,
				4D6388421C667A2700169131 /* Info.plist */,
			);
			path = HackAtBrownTests;
			sourceTree = "<group>";
		};
		4D63884A1C667A2700169131 /* HackAtBrownUITests */ = {
			isa = PBXGroup;
			children = (
				4D63884B1C667A2700169131 /* HackAtBrownUITests.swift */,
				4D63884D1C667A2700169131 /* Info.plist */,
			);
			path = HackAtBrownUITests;
			sourceTree = "<group>";
		};
/* End PBXGroup section */

/* Begin PBXNativeTarget section */
		4D6388271C667A2700169131 /* HackAtBrown */ = {
			isa = PBXNativeTarget;
			buildConfigurationList = 4D6388501C667A2700169131 /* Build configuration list for PBXNativeTarget "HackAtBrown" */;
			buildPhases = (
				4D6388241C667A2700169131 /* Sources */,
				4D6388251C667A2700169131 /* Frameworks */,
				4D6388261C667A2700169131 /* Resources */,
			);
			buildRules = (
			);
			dependencies = (
			);
			name = HackAtBrown;
			productName = HackAtBrown;
			productReference = 4D6388281C667A2700169131 /* HackAtBrown.app */;
			productType = "com.apple.product-type.application";
		};
		4D63883B1C667A2700169131 /* HackAtBrownTests */ = {
			isa = PBXNativeTarget;
			buildConfigurationList = 4D6388531C667A2700169131 /* Build configuration list for PBXNativeTarget "HackAtBrownTests" */;
			buildPhases = (
				4D6388381C667A2700169131 /* Sources */,
				4D6388391C667A2700169131 /* Frameworks */,
				4D63883A1C667A2700169131 /* Resources */,
			);
			buildRules = (
			);
			dependencies = (
				4D63883E1C667A2700169131 /* PBXTargetDependency */,
			);
			name = HackAtBrownTests;
			productName = HackAtBrownTests;
			productReference = 4D63883C1C667A2700169131 /* HackAtBrownTests.xctest */;
			productType = "com.apple.product-type.bundle.unit-test";
		};
		4D6388461C667A2700169131 /* HackAtBrownUITests */ = {
			isa = PBXNativeTarget;
			buildConfigurationList = 4D6388561C667A2700169131 /* Build configuration list for PBXNativeTarget "HackAtBrownUITests" */;
			buildPhases = (
				4D6388431C667A2700169131 /* Sources */,
				4D6388441C667A2700169131 /* Frameworks */,
				4D6388451C667A2700169131 /* Resources */,
			);
			buildRules = (
			);
			dependencies = (
				4D6388491C667A2700169131 /* PBXTargetDependency */,
			);
			name = HackAtBrownUITests;
			productName = HackAtBrownUITests;
			productReference = 4D6388471C667A2700169131 /* HackAtBrownUITests.xctest */;
			productType = "com.apple.product-type.bundle.ui-testing";
		};
/* End PBXNativeTarget section */

/* Begin PBXProject section */
		4D6388201C667A2600169131 /* Project object */ = {
			isa = PBXProject;
			attributes = {
				LastSwiftUpdateCheck = 0720;
				LastUpgradeCheck = 0720;
				ORGANIZATIONNAME = Samantha;
				TargetAttributes = {
					4D6388271C667A2700169131 = {
						CreatedOnToolsVersion = 7.2;
					};
					4D63883B1C667A2700169131 = {
						CreatedOnToolsVersion = 7.2;
						TestTargetID = 4D6388271C667A2700169131;
					};
					4D6388461C667A2700169131 = {
						CreatedOnToolsVersion = 7.2;
						TestTargetID = 4D6388271C667A2700169131;
					};
				};
			};
			buildConfigurationList = 4D6388231C667A2600169131 /* Build configuration list for PBXProject "HackAtBrown" */;
			compatibilityVersion = "Xcode 3.2";
			developmentRegion = English;
			hasScannedForEncodings = 0;
			knownRegions = (
				en,
				Base,
			);
			mainGroup = 4D63881F1C667A2600169131;
			productRefGroup = 4D6388291C667A2700169131 /* Products */;
			projectDirPath = "";
			projectRoot = "";
			targets = (
				4D6388271C667A2700169131 /* HackAtBrown */,
				4D63883B1C667A2700169131 /* HackAtBrownTests */,
				4D6388461C667A2700169131 /* HackAtBrownUITests */,
			);
		};
/* End PBXProject section */

/* Begin PBXResourcesBuildPhase section */
		4D6388261C667A2700169131 /* Resources */ = {
			isa = PBXResourcesBuildPhase;
			buildActionMask = 2147483647;
			files = (
				BAD995B81C66816C0081ACFC /* 7ef3540c-5366-4b47-8265-c279cfc60d12.jpg in Resources */,
				4D6388361C667A2700169131 /* LaunchScreen.storyboard in Resources */,
				4D6388331C667A2700169131 /* Assets.xcassets in Resources */,
				4D6388311C667A2700169131 /* Main.storyboard in Resources */,
			);
			runOnlyForDeploymentPostprocessing = 0;
		};
		4D63883A1C667A2700169131 /* Resources */ = {
			isa = PBXResourcesBuildPhase;
			buildActionMask = 2147483647;
			files = (
			);
			runOnlyForDeploymentPostprocessing = 0;
		};
		4D6388451C667A2700169131 /* Resources */ = {
			isa = PBXResourcesBuildPhase;
			buildActionMask = 2147483647;
			files = (
			);
			runOnlyForDeploymentPostprocessing = 0;
		};
/* End PBXResourcesBuildPhase section */

/* Begin PBXSourcesBuildPhase section */
		4D6388241C667A2700169131 /* Sources */ = {
			isa = PBXSourcesBuildPhase;
			buildActionMask = 2147483647;
			files = (
				BAD995B61C667CF20081ACFC /* README.md in Sources */,
				4D63882E1C667A2700169131 /* ViewController.swift in Sources */,
				4D63882C1C667A2700169131 /* AppDelegate.swift in Sources */,
			);
			runOnlyForDeploymentPostprocessing = 0;
		};
		4D6388381C667A2700169131 /* Sources */ = {
			isa = PBXSourcesBuildPhase;
			buildActionMask = 2147483647;
			files = (
				4D6388411C667A2700169131 /* HackAtBrownTests.swift in Sources */,
			);
			runOnlyForDeploymentPostprocessing = 0;
		};
		4D6388431C667A2700169131 /* Sources */ = {
			isa = PBXSourcesBuildPhase;
			buildActionMask = 2147483647;
			files = (
				4D63884C1C667A2700169131 /* HackAtBrownUITests.swift in Sources */,
			);
			runOnlyForDeploymentPostprocessing = 0;
		};
/* End PBXSourcesBuildPhase section */

/* Begin PBXTargetDependency section */
		4D63883E1C667A2700169131 /* PBXTargetDependency */ = {
			isa = PBXTargetDependency;
			target = 4D6388271C667A2700169131 /* HackAtBrown */;
			targetProxy = 4D63883D1C667A2700169131 /* PBXContainerItemProxy */;
		};
		4D6388491C667A2700169131 /* PBXTargetDependency */ = {
			isa = PBXTargetDependency;
			target = 4D6388271C667A2700169131 /* HackAtBrown */;
			targetProxy = 4D6388481C667A2700169131 /* PBXContainerItemProxy */;
		};
/* End PBXTargetDependency section */

/* Begin PBXVariantGroup section */
		4D63882F1C667A2700169131 /* Main.storyboard */ = {
			isa = PBXVariantGroup;
			children = (
				4D6388301C667A2700169131 /* Base */,
			);
			name = Main.storyboard;
			sourceTree = "<group>";
		};
		4D6388341C667A2700169131 /* LaunchScreen.storyboard */ = {
			isa = PBXVariantGroup;
			children = (
				4D6388351C667A2700169131 /* Base */,
			);
			name = LaunchScreen.storyboard;
			sourceTree = "<group>";
		};
/* End PBXVariantGroup section */

/* Begin XCBuildConfiguration section */
		4D63884E1C667A2700169131 /* Debug */ = {
			isa = XCBuildConfiguration;
			buildSettings = {
				ALWAYS_SEARCH_USER_PATHS = NO;
				CLANG_CXX_LANGUAGE_STANDARD = "gnu++0x";
				CLANG_CXX_LIBRARY = "libc++";
				CLANG_ENABLE_MODULES = YES;
				CLANG_ENABLE_OBJC_ARC = YES;
				CLANG_WARN_BOOL_CONVERSION = YES;
				CLANG_WARN_CONSTANT_CONVERSION = YES;
				CLANG_WARN_DIRECT_OBJC_ISA_USAGE = YES_ERROR;
				CLANG_WARN_EMPTY_BODY = YES;
				CLANG_WARN_ENUM_CONVERSION = YES;
				CLANG_WARN_INT_CONVERSION = YES;
				CLANG_WARN_OBJC_ROOT_CLASS = YES_ERROR;
				CLANG_WARN_UNREACHABLE_CODE = YES;
				CLANG_WARN__DUPLICATE_METHOD_MATCH = YES;
				"CODE_SIGN_IDENTITY[sdk=iphoneos*]" = "iPhone Developer";
				COPY_PHASE_STRIP = NO;
				DEBUG_INFORMATION_FORMAT = dwarf;
				ENABLE_STRICT_OBJC_MSGSEND = YES;
				ENABLE_TESTABILITY = YES;
				GCC_C_LANGUAGE_STANDARD = gnu99;
				GCC_DYNAMIC_NO_PIC = NO;
				GCC_NO_COMMON_BLOCKS = YES;
				GCC_OPTIMIZATION_LEVEL = 0;
				GCC_PREPROCESSOR_DEFINITIONS = (
					"DEBUG=1",
					"$(inherited)",
				);
				GCC_WARN_64_TO_32_BIT_CONVERSION = YES;
				GCC_WARN_ABOUT_RETURN_TYPE = YES_ERROR;
				GCC_WARN_UNDECLARED_SELECTOR = YES;
				GCC_WARN_UNINITIALIZED_AUTOS = YES_AGGRESSIVE;
				GCC_WARN_UNUSED_FUNCTION = YES;
				GCC_WARN_UNUSED_VARIABLE = YES;
				IPHONEOS_DEPLOYMENT_TARGET = 9.2;
				MTL_ENABLE_DEBUG_INFO = YES;
				ONLY_ACTIVE_ARCH = YES;
				SDKROOT = iphoneos;
				SWIFT_OPTIMIZATION_LEVEL = "-Onone";
			};
			name = Debug;
		};
		4D63884F1C667A2700169131 /* Release */ = {
			isa = XCBuildConfiguration;
			buildSettings = {
				ALWAYS_SEARCH_USER_PATHS = NO;
				CLANG_CXX_LANGUAGE_STANDARD = "gnu++0x";
				CLANG_CXX_LIBRARY = "libc++";
				CLANG_ENABLE_MODULES = YES;
				CLANG_ENABLE_OBJC_ARC = YES;
				CLANG_WARN_BOOL_CONVERSION = YES;
				CLANG_WARN_CONSTANT_CONVERSION = YES;
				CLANG_WARN_DIRECT_OBJC_ISA_USAGE = YES_ERROR;
				CLANG_WARN_EMPTY_BODY = YES;
				CLANG_WARN_ENUM_CONVERSION = YES;
				CLANG_WARN_INT_CONVERSION = YES;
				CLANG_WARN_OBJC_ROOT_CLASS = YES_ERROR;
				CLANG_WARN_UNREACHABLE_CODE = YES;
				CLANG_WARN__DUPLICATE_METHOD_MATCH = YES;
				"CODE_SIGN_IDENTITY[sdk=iphoneos*]" = "iPhone Developer";
				COPY_PHASE_STRIP = NO;
				DEBUG_INFORMATION_FORMAT = "dwarf-with-dsym";
				ENABLE_NS_ASSERTIONS = NO;
				ENABLE_STRICT_OBJC_MSGSEND = YES;
				GCC_C_LANGUAGE_STANDARD = gnu99;
				GCC_NO_COMMON_BLOCKS = YES;
				GCC_WARN_64_TO_32_BIT_CONVERSION = YES;
				GCC_WARN_ABOUT_RETURN_TYPE = YES_ERROR;
				GCC_WARN_UNDECLARED_SELECTOR = YES;
				GCC_WARN_UNINITIALIZED_AUTOS = YES_AGGRESSIVE;
				GCC_WARN_UNUSED_FUNCTION = YES;
				GCC_WARN_UNUSED_VARIABLE = YES;
				IPHONEOS_DEPLOYMENT_TARGET = 9.2;
				MTL_ENABLE_DEBUG_INFO = NO;
				SDKROOT = iphoneos;
				VALIDATE_PRODUCT = YES;
			};
			name = Release;
		};
		4D6388511C667A2700169131 /* Debug */ = {
			isa = XCBuildConfiguration;
			buildSettings = {
				ASSETCATALOG_COMPILER_APPICON_NAME = AppIcon;
				INFOPLIST_FILE = HackAtBrown/Info.plist;
				LD_RUNPATH_SEARCH_PATHS = "$(inherited) @executable_path/Frameworks";
				PRODUCT_BUNDLE_IDENTIFIER = com.Samantha.HackAtBrown;
				PRODUCT_NAME = "$(TARGET_NAME)";
			};
			name = Debug;
		};
		4D6388521C667A2700169131 /* Release */ = {
			isa = XCBuildConfiguration;
			buildSettings = {
				ASSETCATALOG_COMPILER_APPICON_NAME = AppIcon;
				INFOPLIST_FILE = HackAtBrown/Info.plist;
				LD_RUNPATH_SEARCH_PATHS = "$(inherited) @executable_path/Frameworks";
				PRODUCT_BUNDLE_IDENTIFIER = com.Samantha.HackAtBrown;
				PRODUCT_NAME = "$(TARGET_NAME)";
			};
			name = Release;
		};
		4D6388541C667A2700169131 /* Debug */ = {
			isa = XCBuildConfiguration;
			buildSettings = {
				BUNDLE_LOADER = "$(TEST_HOST)";
				INFOPLIST_FILE = HackAtBrownTests/Info.plist;
				LD_RUNPATH_SEARCH_PATHS = "$(inherited) @executable_path/Frameworks @loader_path/Frameworks";
				PRODUCT_BUNDLE_IDENTIFIER = com.Samantha.HackAtBrownTests;
				PRODUCT_NAME = "$(TARGET_NAME)";
				TEST_HOST = "$(BUILT_PRODUCTS_DIR)/HackAtBrown.app/HackAtBrown";
			};
			name = Debug;
		};
		4D6388551C667A2700169131 /* Release */ = {
			isa = XCBuildConfiguration;
			buildSettings = {
				BUNDLE_LOADER = "$(TEST_HOST)";
				INFOPLIST_FILE = HackAtBrownTests/Info.plist;
				LD_RUNPATH_SEARCH_PATHS = "$(inherited) @executable_path/Frameworks @loader_path/Frameworks";
				PRODUCT_BUNDLE_IDENTIFIER = com.Samantha.HackAtBrownTests;
				PRODUCT_NAME = "$(TARGET_NAME)";
				TEST_HOST = "$(BUILT_PRODUCTS_DIR)/HackAtBrown.app/HackAtBrown";
			};
			name = Release;
		};
		4D6388571C667A2700169131 /* Debug */ = {
			isa = XCBuildConfiguration;
			buildSettings = {
				INFOPLIST_FILE = HackAtBrownUITests/Info.plist;
				LD_RUNPATH_SEARCH_PATHS = "$(inherited) @executable_path/Frameworks @loader_path/Frameworks";
				PRODUCT_BUNDLE_IDENTIFIER = com.Samantha.HackAtBrownUITests;
				PRODUCT_NAME = "$(TARGET_NAME)";
				TEST_TARGET_NAME = HackAtBrown;
				USES_XCTRUNNER = YES;
			};
			name = Debug;
		};
		4D6388581C667A2700169131 /* Release */ = {
			isa = XCBuildConfiguration;
			buildSettings = {
				INFOPLIST_FILE = HackAtBrownUITests/Info.plist;
				LD_RUNPATH_SEARCH_PATHS = "$(inherited) @executable_path/Frameworks @loader_path/Frameworks";
				PRODUCT_BUNDLE_IDENTIFIER = com.Samantha.HackAtBrownUITests;
				PRODUCT_NAME = "$(TARGET_NAME)";
				TEST_TARGET_NAME = HackAtBrown;
				USES_XCTRUNNER = YES;
			};
			name = Release;
		};
/* End XCBuildConfiguration section */

/* Begin XCConfigurationList section */
		4D6388231C667A2600169131 /* Build configuration list for PBXProject "HackAtBrown" */ = {
			isa = XCConfigurationList;
			buildConfigurations = (
				4D63884E1C667A2700169131 /* Debug */,
				4D63884F1C667A2700169131 /* Release */,
			);
			defaultConfigurationIsVisible = 0;
			defaultConfigurationName = Release;
		};
		4D6388501C667A2700169131 /* Build configuration list for PBXNativeTarget "HackAtBrown" */ = {
			isa = XCConfigurationList;
			buildConfigurations = (
				4D6388511C667A2700169131 /* Debug */,
				4D6388521C667A2700169131 /* Release */,
			);
			defaultConfigurationIsVisible = 0;
			defaultConfigurationName = Release;
		};
		4D6388531C667A2700169131 /* Build configuration list for PBXNativeTarget "HackAtBrownTests" */ = {
			isa = XCConfigurationList;
			buildConfigurations = (
				4D6388541C667A2700169131 /* Debug */,
				4D6388551C667A2700169131 /* Release */,
			);
			defaultConfigurationIsVisible = 0;
			defaultConfigurationName = Release;
		};
		4D6388561C667A2700169131 /* Build configuration list for PBXNativeTarget "HackAtBrownUITests" */ = {
			isa = XCConfigurationList;
			buildConfigurations = (
				4D6388571C667A2700169131 /* Debug */,
				4D6388581C667A2700169131 /* Release */,
			);
			defaultConfigurationIsVisible = 0;
			defaultConfigurationName = Release;
		};
/* End XCConfigurationList section */
	};
	rootObject = 4D6388201C667A2600169131 /* Project object */;
}
